
Microsoft Visual Studio Solution File, Format Version 12.00
# Visual Studio Version 17
VisualStudioVersion = 17.12.35707.178
MinimumVisualStudioVersion = 10.0.40219.1
Project("{FAE04EC0-301F-11D3-BF4B-00C04F79EFBC}") = "1.BasicAPI_Route", "1.BasicAPI_Route\1.BasicAPI_Route.csproj", "{3D1EB2CF-93AE-4B8A-AD8C-2944A86F9ED1}"
EndProject
Project("{FAE04EC0-301F-11D3-BF4B-00C04F79EFBC}") = "2.CRUDAPI", "2.CRUDAPI\2.CRUDAPI.csproj", "{0F9B3103-FCAA-46A0-AB21-80EE99AD4946}"
EndProject
Project("{FAE04EC0-301F-11D3-BF4B-00C04F79EFBC}") = "3.DTO_AutoMapper", "3.DTO_AutoMapper\3.DTO_AutoMapper.csproj", "{89F3F0E8-FAF5-4240-B302-6ADE341E4355}"
EndProject
Global
	GlobalSection(SolutionConfigurationPlatforms) = preSolution
		Debug|Any CPU = Debug|Any CPU
		Release|Any CPU = Release|Any CPU
	EndGlobalSection
	GlobalSection(ProjectConfigurationPlatforms) = postSolution
		{3D1EB2CF-93AE-4B8A-AD8C-2944A86F9ED1}.Debug|Any CPU.ActiveCfg = Debug|Any CPU
		{3D1EB2CF-93AE-4B8A-AD8C-2944A86F9ED1}.Debug|Any CPU.Build.0 = Debug|Any CPU
		{3D1EB2CF-93AE-4B8A-AD8C-2944A86F9ED1}.Release|Any CPU.ActiveCfg = Release|Any CPU
		{3D1EB2CF-93AE-4B8A-AD8C-2944A86F9ED1}.Release|Any CPU.Build.0 = Release|Any CPU
		{0F9B3103-FCAA-46A0-AB21-80EE99AD4946}.Debug|Any CPU.ActiveCfg = Debug|Any CPU
		{0F9B3103-FCAA-46A0-AB21-80EE99AD4946}.Debug|Any CPU.Build.0 = Debug|Any CPU
		{0F9B3103-FCAA-46A0-AB21-80EE99AD4946}.Release|Any CPU.ActiveCfg = Release|Any CPU
		{0F9B3103-FCAA-46A0-AB21-80EE99AD4946}.Release|Any CPU.Build.0 = Release|Any CPU
		{89F3F0E8-FAF5-4240-B302-6ADE341E4355}.Debug|Any CPU.ActiveCfg = Debug|Any CPU
		{89F3F0E8-FAF5-4240-B302-6ADE341E4355}.Debug|Any CPU.Build.0 = Debug|Any CPU
		{89F3F0E8-FAF5-4240-B302-6ADE341E4355}.Release|Any CPU.ActiveCfg = Release|Any CPU
		{89F3F0E8-FAF5-4240-B302-6ADE341E4355}.Release|Any CPU.Build.0 = Release|Any CPU
	EndGlobalSection
	GlobalSection(SolutionProperties) = preSolution
		HideSolutionNode = FALSE
	EndGlobalSection
EndGlobal
